
Microsoft Visual Studio Solution File, Format Version 12.00
# Visual Studio Version 17
VisualStudioVersion = 17.1.32328.378
MinimumVisualStudioVersion = 10.0.40219.1
Project("{FAE04EC0-301F-11D3-BF4B-00C04F79EFBC}") = "RegexDay19", "RegexDay19\RegexDay19.csproj", "{9334911E-7593-45F8-AAFB-FFEE1D649954}"
EndProject
Global
	GlobalSection(SolutionConfigurationPlatforms) = preSolution
		Debug|Any CPU = Debug|Any CPU
		Release|Any CPU = Release|Any CPU
	EndGlobalSection
	GlobalSection(ProjectConfigurationPlatforms) = postSolution
		{9334911E-7593-45F8-AAFB-FFEE1D649954}.Debug|Any CPU.ActiveCfg = Debug|Any CPU
		{9334911E-7593-45F8-AAFB-FFEE1D649954}.Debug|Any CPU.Build.0 = Debug|Any CPU
		{9334911E-7593-45F8-AAFB-FFEE1D649954}.Release|Any CPU.ActiveCfg = Release|Any CPU
		{9334911E-7593-45F8-AAFB-FFEE1D649954}.Release|Any CPU.Build.0 = Release|Any CPU
	EndGlobalSection
	GlobalSection(SolutionProperties) = preSolution
		HideSolutionNode = FALSE
	EndGlobalSection
	GlobalSection(ExtensibilityGlobals) = postSolution
		SolutionGuid = {15E4208C-46F7-4625-859C-77492CF6A0A9}
	EndGlobalSection
EndGlobal
